{
  "nodes": {
    "flake-parts": {
      "inputs": {
        "nixpkgs-lib": "nixpkgs-lib"
      },
      "locked": {
        "lastModified": 1719994518,
        "narHash": "sha256-pQMhCCHyQGRzdfAkdJ4cIWiw+JNuWsTX7f0ZYSyz0VY=",
        "owner": "hercules-ci",
        "repo": "flake-parts",
        "rev": "9227223f6d922fee3c7b190b2cc238a99527bbb7",
        "type": "github"
      },
      "original": {
        "owner": "hercules-ci",
        "repo": "flake-parts",
        "type": "github"
      }
    },
    "nixos-artwork": {
      "flake": false,
      "locked": {
        "lastModified": 1719676066,
        "narHash": "sha256-78FyNyGtDZogJUWcCT6A/T2MK87nGN/muC7ANH1b1V8=",
        "owner": "NixOS",
        "repo": "nixos-artwork",
        "rev": "de03e887f03037e7e781a678b57fdae603c9ca20",
        "type": "github"
      },
      "original": {
        "owner": "NixOS",
        "repo": "nixos-artwork",
        "type": "github"
      }
    },
    "nixpkgs": {
      "locked": {
        "lastModified": 1721379653,
        "narHash": "sha256-8MUgifkJ7lkZs3u99UDZMB4kbOxvMEXQZ31FO3SopZ0=",
        "owner": "NixOS",
        "repo": "nixpkgs",
        "rev": "1d9c2c9b3e71b9ee663d11c5d298727dace8d374",
        "type": "github"
      },
      "original": {
        "owner": "NixOS",
        "ref": "nixos-unstable",
        "repo": "nixpkgs",
        "type": "github"
      }
    },
    "nixpkgs-lib": {
      "locked": {
        "lastModified": 1719876945,
        "narHash": "sha256-Fm2rDDs86sHy0/1jxTOKB1118Q0O3Uc7EC0iXvXKpbI=",
        "type": "tarball",
        "url": "https://github.com/NixOS/nixpkgs/archive/5daf0514482af3f97abaefc78a6606365c9108e2.tar.gz"
      },
      "original": {
        "type": "tarball",
        "url": "https://github.com/NixOS/nixpkgs/archive/5daf0514482af3f97abaefc78a6606365c9108e2.tar.gz"
      }
    },
    "root": {
      "inputs": {
        "flake-parts": "flake-parts",
        "nixos-artwork": "nixos-artwork",
        "nixpkgs": "nixpkgs",
        "ruby-nix": "ruby-nix",
        "sublime-nix": "sublime-nix",
        "typix": "typix",
        "typst-packages": "typst-packages"
      }
    },
    "ruby-nix": {
      "inputs": {
        "nixpkgs": [
          "nixpkgs"
        ]
      },
      "locked": {
        "lastModified": 1718787332,
        "narHash": "sha256-dKjPNvFGORNFemXHsiaYx1Yn9+EtoqzURPnGgnrUoAI=",
        "owner": "inscapist",
        "repo": "ruby-nix",
        "rev": "caea025dbdbebe7e1010f6a279a7f4f1a9c86789",
        "type": "github"
      },
      "original": {
        "owner": "inscapist",
        "repo": "ruby-nix",
        "type": "github"
      }
    },
    "sublime-nix": {
      "flake": false,
      "locked": {
        "lastModified": 1544185249,
        "narHash": "sha256-ojb9xg26OL0kOZfcYXWIIS0efpHPFwlIwKklclmrUTc=",
        "owner": "wmertens",
        "repo": "sublime-nix",
        "rev": "9032bd613746b9c135223fd6f26a5fa555f18946",
        "type": "github"
      },
      "original": {
        "owner": "wmertens",
        "repo": "sublime-nix",
        "type": "github"
      }
    },
    "typix": {
      "inputs": {
        "nixpkgs": [
          "nixpkgs"
        ]
      },
      "locked": {
        "lastModified": 1720903122,
        "narHash": "sha256-Unzk2jZrncMTraTmbqRKgiXupKV2mx1fGm5yWhHOJjk=",
        "owner": "loqusion",
        "repo": "typix",
        "rev": "b4c38bc55ac2b46ea349bddfd535cc7e483b0a90",
        "type": "github"
      },
      "original": {
        "owner": "loqusion",
        "ref": "0.1.5",
        "repo": "typix",
        "type": "github"
      }
    },
    "typst-packages": {
      "flake": false,
      "locked": {
        "lastModified": 1721914800,
        "narHash": "sha256-bikISM3tAtPbAfQ+/dv7cEdPwIYr4vsuY5sVswvvEuw=",
        "owner": "typst",
        "repo": "packages",
        "rev": "3f369d2ea0e63baf58bd43ca2c399ea51aa7735e",
        "type": "github"
      },
      "original": {
        "owner": "typst",
        "repo": "packages",
        "type": "github"
      }
    }
  },
  "root": "root",
  "version": 7
}
